
Microsoft Visual Studio Solution File, Format Version 12.00
# Visual Studio Version 17
VisualStudioVersion = 17.1.32421.90
MinimumVisualStudioVersion = 10.0.40219.1
Project("{9A19103F-16F7-4668-BE54-9A1E7A4F7556}") = "BackEnd", "BackEnd\BackEnd.csproj", "{6D0ABC40-CEC2-435F-B69F-D6CAEB6D7EB2}"
EndProject
Project("{9A19103F-16F7-4668-BE54-9A1E7A4F7556}") = "FrontEnd", "FrontEnd\FrontEnd.csproj", "{CEA174E1-0AF0-4C4C-B21E-5C0686A11F72}"
EndProject
Global
	GlobalSection(SolutionConfigurationPlatforms) = preSolution
		Debug|Any CPU = Debug|Any CPU
		Release|Any CPU = Release|Any CPU
	EndGlobalSection
	GlobalSection(ProjectConfigurationPlatforms) = postSolution
		{6D0ABC40-CEC2-435F-B69F-D6CAEB6D7EB2}.Debug|Any CPU.ActiveCfg = Debug|Any CPU
		{6D0ABC40-CEC2-435F-B69F-D6CAEB6D7EB2}.Debug|Any CPU.Build.0 = Debug|Any CPU
		{6D0ABC40-CEC2-435F-B69F-D6CAEB6D7EB2}.Release|Any CPU.ActiveCfg = Release|Any CPU
		{6D0ABC40-CEC2-435F-B69F-D6CAEB6D7EB2}.Release|Any CPU.Build.0 = Release|Any CPU
		{CEA174E1-0AF0-4C4C-B21E-5C0686A11F72}.Debug|Any CPU.ActiveCfg = Debug|Any CPU
		{CEA174E1-0AF0-4C4C-B21E-5C0686A11F72}.Debug|Any CPU.Build.0 = Debug|Any CPU
		{CEA174E1-0AF0-4C4C-B21E-5C0686A11F72}.Release|Any CPU.ActiveCfg = Release|Any CPU
		{CEA174E1-0AF0-4C4C-B21E-5C0686A11F72}.Release|Any CPU.Build.0 = Release|Any CPU
	EndGlobalSection
	GlobalSection(SolutionProperties) = preSolution
		HideSolutionNode = FALSE
	EndGlobalSection
	GlobalSection(ExtensibilityGlobals) = postSolution
		SolutionGuid = {E2E7F41B-FE55-42EA-8172-129D68AF1AB3}
	EndGlobalSection
EndGlobal
